
Microsoft Visual Studio Solution File, Format Version 12.00
# Visual Studio Version 17
VisualStudioVersion = 17.14.36811.4 d17.14
MinimumVisualStudioVersion = 10.0.40219.1
Project("{FAE04EC0-301F-11D3-BF4B-00C04F79EFBC}") = "Ch05_2_CollectionAndGeneric", "Ch05_2_CollectionAndGeneric.csproj", "{75B235D8-A857-44A1-AC4B-FD1EE5B21CB0}"
EndProject
Global
	GlobalSection(SolutionConfigurationPlatforms) = preSolution
		Debug|Any CPU = Debug|Any CPU
		Release|Any CPU = Release|Any CPU
	EndGlobalSection
	GlobalSection(ProjectConfigurationPlatforms) = postSolution
		{75B235D8-A857-44A1-AC4B-FD1EE5B21CB0}.Debug|Any CPU.ActiveCfg = Debug|Any CPU
		{75B235D8-A857-44A1-AC4B-FD1EE5B21CB0}.Debug|Any CPU.Build.0 = Debug|Any CPU
		{75B235D8-A857-44A1-AC4B-FD1EE5B21CB0}.Release|Any CPU.ActiveCfg = Release|Any CPU
		{75B235D8-A857-44A1-AC4B-FD1EE5B21CB0}.Release|Any CPU.Build.0 = Release|Any CPU
	EndGlobalSection
	GlobalSection(SolutionProperties) = preSolution
		HideSolutionNode = FALSE
	EndGlobalSection
	GlobalSection(ExtensibilityGlobals) = postSolution
		SolutionGuid = {8CE3F41D-43A7-400A-8700-C60F4E666692}
	EndGlobalSection
EndGlobal
