
Microsoft Visual Studio Solution File, Format Version 12.00
# Visual Studio Version 17
VisualStudioVersion = 17.14.36811.4 d17.14
MinimumVisualStudioVersion = 10.0.40219.1
Project("{FAE04EC0-301F-11D3-BF4B-00C04F79EFBC}") = "Ch06_2_Exception", "Ch06_2_Exception.csproj", "{40AB5844-C0CE-4FE4-B83C-59B0ED11617D}"
EndProject
Global
	GlobalSection(SolutionConfigurationPlatforms) = preSolution
		Debug|Any CPU = Debug|Any CPU
		Release|Any CPU = Release|Any CPU
	EndGlobalSection
	GlobalSection(ProjectConfigurationPlatforms) = postSolution
		{40AB5844-C0CE-4FE4-B83C-59B0ED11617D}.Debug|Any CPU.ActiveCfg = Debug|Any CPU
		{40AB5844-C0CE-4FE4-B83C-59B0ED11617D}.Debug|Any CPU.Build.0 = Debug|Any CPU
		{40AB5844-C0CE-4FE4-B83C-59B0ED11617D}.Release|Any CPU.ActiveCfg = Release|Any CPU
		{40AB5844-C0CE-4FE4-B83C-59B0ED11617D}.Release|Any CPU.Build.0 = Release|Any CPU
	EndGlobalSection
	GlobalSection(SolutionProperties) = preSolution
		HideSolutionNode = FALSE
	EndGlobalSection
	GlobalSection(ExtensibilityGlobals) = postSolution
		SolutionGuid = {CEDBDF5D-095D-4935-9ADA-BC52681A431E}
	EndGlobalSection
EndGlobal
