
Microsoft Visual Studio Solution File, Format Version 12.00
# Visual Studio Version 17
VisualStudioVersion = 17.14.36811.4 d17.14
MinimumVisualStudioVersion = 10.0.40219.1
Project("{FAE04EC0-301F-11D3-BF4B-00C04F79EFBC}") = "Ch12_DataBiding_MVVM", "Ch12_DataBiding_MVVM.csproj", "{0293D33B-A454-4629-8E8D-239B462C5CD3}"
EndProject
Global
	GlobalSection(SolutionConfigurationPlatforms) = preSolution
		Debug|Any CPU = Debug|Any CPU
		Release|Any CPU = Release|Any CPU
	EndGlobalSection
	GlobalSection(ProjectConfigurationPlatforms) = postSolution
		{0293D33B-A454-4629-8E8D-239B462C5CD3}.Debug|Any CPU.ActiveCfg = Debug|Any CPU
		{0293D33B-A454-4629-8E8D-239B462C5CD3}.Debug|Any CPU.Build.0 = Debug|Any CPU
		{0293D33B-A454-4629-8E8D-239B462C5CD3}.Release|Any CPU.ActiveCfg = Release|Any CPU
		{0293D33B-A454-4629-8E8D-239B462C5CD3}.Release|Any CPU.Build.0 = Release|Any CPU
	EndGlobalSection
	GlobalSection(SolutionProperties) = preSolution
		HideSolutionNode = FALSE
	EndGlobalSection
	GlobalSection(ExtensibilityGlobals) = postSolution
		SolutionGuid = {5CBE64FF-6C32-42A2-8C48-F881348B5950}
	EndGlobalSection
EndGlobal
