
Microsoft Visual Studio Solution File, Format Version 12.00
# Visual Studio Version 17
VisualStudioVersion = 17.14.36811.4 d17.14
MinimumVisualStudioVersion = 10.0.40219.1
Project("{FAE04EC0-301F-11D3-BF4B-00C04F79EFBC}") = "Ch04_Method", "Ch04_Method.csproj", "{A1A7C96F-6035-47AE-B7D7-BF949D1D32FD}"
EndProject
Global
	GlobalSection(SolutionConfigurationPlatforms) = preSolution
		Debug|Any CPU = Debug|Any CPU
		Release|Any CPU = Release|Any CPU
	EndGlobalSection
	GlobalSection(ProjectConfigurationPlatforms) = postSolution
		{A1A7C96F-6035-47AE-B7D7-BF949D1D32FD}.Debug|Any CPU.ActiveCfg = Debug|Any CPU
		{A1A7C96F-6035-47AE-B7D7-BF949D1D32FD}.Debug|Any CPU.Build.0 = Debug|Any CPU
		{A1A7C96F-6035-47AE-B7D7-BF949D1D32FD}.Release|Any CPU.ActiveCfg = Release|Any CPU
		{A1A7C96F-6035-47AE-B7D7-BF949D1D32FD}.Release|Any CPU.Build.0 = Release|Any CPU
	EndGlobalSection
	GlobalSection(SolutionProperties) = preSolution
		HideSolutionNode = FALSE
	EndGlobalSection
	GlobalSection(ExtensibilityGlobals) = postSolution
		SolutionGuid = {D6B396E3-D095-4066-ADC1-DFB902B44918}
	EndGlobalSection
EndGlobal
