
Microsoft Visual Studio Solution File, Format Version 12.00
# Visual Studio Version 17
VisualStudioVersion = 17.14.37111.16 d17.14
MinimumVisualStudioVersion = 10.0.40219.1
Project("{FAE04EC0-301F-11D3-BF4B-00C04F79EFBC}") = "Ch14_ViewModelAndICommand", "Ch14_ViewModelAndICommand.csproj", "{D98D4BF1-9DA7-48FF-93D2-AE315E8F6BAD}"
EndProject
Project("{2150E333-8FDC-42A3-9474-1A3956D46DE8}") = "솔루션 항목", "솔루션 항목", "{2A3A057F-5D22-31FD-628C-DF5EF75AEF1E}"
	ProjectSection(SolutionItems) = preProject
		ViewModelAndICommand.md = ViewModelAndICommand.md
	EndProjectSection
EndProject
Global
	GlobalSection(SolutionConfigurationPlatforms) = preSolution
		Debug|Any CPU = Debug|Any CPU
		Release|Any CPU = Release|Any CPU
	EndGlobalSection
	GlobalSection(ProjectConfigurationPlatforms) = postSolution
		{D98D4BF1-9DA7-48FF-93D2-AE315E8F6BAD}.Debug|Any CPU.ActiveCfg = Debug|Any CPU
		{D98D4BF1-9DA7-48FF-93D2-AE315E8F6BAD}.Debug|Any CPU.Build.0 = Debug|Any CPU
		{D98D4BF1-9DA7-48FF-93D2-AE315E8F6BAD}.Release|Any CPU.ActiveCfg = Release|Any CPU
		{D98D4BF1-9DA7-48FF-93D2-AE315E8F6BAD}.Release|Any CPU.Build.0 = Release|Any CPU
	EndGlobalSection
	GlobalSection(SolutionProperties) = preSolution
		HideSolutionNode = FALSE
	EndGlobalSection
	GlobalSection(ExtensibilityGlobals) = postSolution
		SolutionGuid = {E5F52A20-238F-4E5E-8B58-31EBE9A97143}
	EndGlobalSection
EndGlobal
