
Microsoft Visual Studio Solution File, Format Version 12.00
# Visual Studio Version 17
VisualStudioVersion = 17.14.36811.4 d17.14
MinimumVisualStudioVersion = 10.0.40219.1
Project("{FAE04EC0-301F-11D3-BF4B-00C04F79EFBC}") = "CsharpBasicConsole", "CsharpBasicConsole.csproj", "{A954D899-4E71-440D-9F4B-AEC03BF58BEF}"
EndProject
Global
	GlobalSection(SolutionConfigurationPlatforms) = preSolution
		Debug|Any CPU = Debug|Any CPU
		Release|Any CPU = Release|Any CPU
	EndGlobalSection
	GlobalSection(ProjectConfigurationPlatforms) = postSolution
		{A954D899-4E71-440D-9F4B-AEC03BF58BEF}.Debug|Any CPU.ActiveCfg = Debug|Any CPU
		{A954D899-4E71-440D-9F4B-AEC03BF58BEF}.Debug|Any CPU.Build.0 = Debug|Any CPU
		{A954D899-4E71-440D-9F4B-AEC03BF58BEF}.Release|Any CPU.ActiveCfg = Release|Any CPU
		{A954D899-4E71-440D-9F4B-AEC03BF58BEF}.Release|Any CPU.Build.0 = Release|Any CPU
	EndGlobalSection
	GlobalSection(SolutionProperties) = preSolution
		HideSolutionNode = FALSE
	EndGlobalSection
	GlobalSection(ExtensibilityGlobals) = postSolution
		SolutionGuid = {79CF701F-6E38-4B99-946F-78C6DAFB97CF}
	EndGlobalSection
EndGlobal
